// !$*UTF8*$!
{
	archiveVersion = 1;
	classes = {
	};
	objectVersion = 46;
	objects = {

/* Begin PBXBuildFile section */
		ECDC97801EAAF2DC007550ED /* AppDelegate.swift in Sources */ = {isa = PBXBuildFile; fileRef = ECDC977F1EAAF2DC007550ED /* AppDelegate.swift */; };
		ECDC97821EAAF2DC007550ED /* ViewController.swift in Sources */ = {isa = PBXBuildFile; fileRef = ECDC97811EAAF2DC007550ED /* ViewController.swift */; };
		ECDC97851EAAF2DC007550ED /* Main.storyboard in Resources */ = {isa = PBXBuildFile; fileRef = ECDC97831EAAF2DC007550ED /* Main.storyboard */; };
		ECDC97871EAAF2DC007550ED /* Assets.xcassets in Resources */ = {isa = PBXBuildFile; fileRef = ECDC97861EAAF2DC007550ED /* Assets.xcassets */; };
		ECDC978A1EAAF2DC007550ED /* LaunchScreen.storyboard in Resources */ = {isa = PBXBuildFile; fileRef = ECDC97881EAAF2DC007550ED /* LaunchScreen.storyboard */; };
/* End PBXBuildFile section */

/* Begin PBXFileReference section */
		ECDC977C1EAAF2DC007550ED /* Llama Trot.app */ = {isa = PBXFileReference; explicitFileType = wrapper.application; includeInIndex = 0; path = "Llama Trot.app"; sourceTree = BUILT_PRODUCTS_DIR; };
		ECDC977F1EAAF2DC007550ED /* AppDelegate.swift */ = {isa = PBXFileReference; lastKnownFileType = sourcecode.swift; path = AppDelegate.swift; sourceTree = "<group>"; };
		ECDC97811EAAF2DC007550ED /* ViewController.swift */ = {isa = PBXFileReference; lastKnownFileType = sourcecode.swift; path = ViewController.swift; sourceTree = "<group>"; };
		ECDC97841EAAF2DC007550ED /* Base */ = {isa = PBXFileReference; lastKnownFileType = file.storyboard; name = Base; path = Base.lproj/Main.storyboard; sourceTree = "<group>"; };
		ECDC97861EAAF2DC007550ED /* Assets.xcassets */ = {isa = PBXFileReference; lastKnownFileType = folder.assetcatalog; path = Assets.xcassets; sourceTree = "<group>"; };
		ECDC97891EAAF2DC007550ED /* Base */ = {isa = PBXFileReference; lastKnownFileType = file.storyboard; name = Base; path = Base.lproj/LaunchScreen.storyboard; sourceTree = "<group>"; };
		ECDC978B1EAAF2DC007550ED /* Info.plist */ = {isa = PBXFileReference; lastKnownFileType = text.plist.xml; path = Info.plist; sourceTree = "<group>"; };
/* End PBXFileReference section */

/* Begin PBXFrameworksBuildPhase section */
		ECDC97791EAAF2DC007550ED /* Frameworks */ = {
			isa = PBXFrameworksBuildPhase;
			buildActionMask = 2147483647;
			files = (
			);
			runOnlyForDeploymentPostprocessing = 0;
		};
/* End PBXFrameworksBuildPhase section */

/* Begin PBXGroup section */
		ECDC97731EAAF2DC007550ED = {
			isa = PBXGroup;
			children = (
				ECDC977E1EAAF2DC007550ED /* Llama Trot */,
				ECDC977D1EAAF2DC007550ED /* Products */,
			);
			sourceTree = "<group>";
		};
		ECDC977D1EAAF2DC007550ED /* Products */ = {
			isa = PBXGroup;
			children = (
				ECDC977C1EAAF2DC007550ED /* Llama Trot.app */,
			);
			name = Products;
			sourceTree = "<group>";
		};
		ECDC977E1EAAF2DC007550ED /* Llama Trot */ = {
			isa = PBXGroup;
			children = (
				ECDC977F1EAAF2DC007550ED /* AppDelegate.swift */,
				ECDC97811EAAF2DC007550ED /* ViewController.swift */,
				ECDC97831EAAF2DC007550ED /* Main.storyboard */,
				ECDC97861EAAF2DC007550ED /* Assets.xcassets */,
				ECDC97881EAAF2DC007550ED /* LaunchScreen.storyboard */,
				ECDC978B1EAAF2DC007550ED /* Info.plist */,
			);
			path = "Llama Trot";
			sourceTree = "<group>";
		};
/* End PBXGroup section */

/* Begin PBXNativeTarget section */
		ECDC977B1EAAF2DC007550ED /* Llama Trot */ = {
			isa = PBXNativeTarget;
			buildConfigurationList = ECDC978E1EAAF2DC007550ED /* Build configuration list for PBXNativeTarget "Llama Trot" */;
			buildPhases = (
				ECDC97781EAAF2DC007550ED /* Sources */,
				ECDC97791EAAF2DC007550ED /* Frameworks */,
				ECDC977A1EAAF2DC007550ED /* Resources */,
				ECDC97911EAAF341007550ED /* ShellScript */,
			);
			buildRules = (
			);
			dependencies = (
			);
			name = "Llama Trot";
			productName = "Llama Trot";
			productReference = ECDC977C1EAAF2DC007550ED /* Llama Trot.app */;
			productType = "com.apple.product-type.application";
		};
/* End PBXNativeTarget section */

/* Begin PBXProject section */
		ECDC97741EAAF2DC007550ED /* Project object */ = {
			isa = PBXProject;
			attributes = {
				LastSwiftUpdateCheck = 0830;
				LastUpgradeCheck = 0830;
				ORGANIZATIONNAME = tangyuhua;
				TargetAttributes = {
					ECDC977B1EAAF2DC007550ED = {
						CreatedOnToolsVersion = 8.3.1;
						DevelopmentTeam = 4BADWEEE97;
						ProvisioningStyle = Automatic;
					};
				};
			};
			buildConfigurationList = ECDC97771EAAF2DC007550ED /* Build configuration list for PBXProject "Llama Trot" */;
			compatibilityVersion = "Xcode 3.2";
			developmentRegion = English;
			hasScannedForEncodings = 0;
			knownRegions = (
				en,
				Base,
			);
			mainGroup = ECDC97731EAAF2DC007550ED;
			productRefGroup = ECDC977D1EAAF2DC007550ED /* Products */;
			projectDirPath = "";
			projectRoot = "";
			targets = (
				ECDC977B1EAAF2DC007550ED /* Llama Trot */,
			);
		};
/* End PBXProject section */

/* Begin PBXResourcesBuildPhase section */
		ECDC977A1EAAF2DC007550ED /* Resources */ = {
			isa = PBXResourcesBuildPhase;
			buildActionMask = 2147483647;
			files = (
				ECDC978A1EAAF2DC007550ED /* LaunchScreen.storyboard in Resources */,
				ECDC97871EAAF2DC007550ED /* Assets.xcassets in Resources */,
				ECDC97851EAAF2DC007550ED /* Main.storyboard in Resources */,
			);
			runOnlyForDeploymentPostprocessing = 0;
		};
/* End PBXResourcesBuildPhase section */

/* Begin PBXShellScriptBuildPhase section */
		ECDC97911EAAF341007550ED /* ShellScript */ = {
			isa = PBXShellScriptBuildPhase;
			buildActionMask = 2147483647;
			files = (
			);
			inputPaths = (
			);
			outputPaths = (
			);
			runOnlyForDeploymentPostprocessing = 0;
			shellPath = /bin/sh;
			shellScript = "echo \"Hello World\"\necho \"${BUILT_PRODUCTS_DIR}/${UNLOCALIZED_RESOURCES_FOLDER_PATH}\"\necho \"${SRCROOT}\"\n\nIFS=$'\\n'\necho $(find ${SRCROOT} -name \"AppIcon60x60@2x.png\")\n\n\nPATH=${PATH}:/usr/local/bin\nIFS=$'\\n'\n\nfunction generateIcon () {\n    BASE_IMAGE_NAME=$1\n    \n    TARGET_PATH=\"${BUILT_PRODUCTS_DIR}/${UNLOCALIZED_RESOURCES_FOLDER_PATH}/${BASE_IMAGE_NAME}\"\n    BASE_IMAGE_PATH=$(find ${SRCROOT} -name ${BASE_IMAGE_NAME})\n    \n    WIDTH=$(identify -format %w ${BASE_IMAGE_PATH})\n    FONT_SIZE=$(echo \"$WIDTH * .15\" | bc -l)\n    convert betaRibbon.png -resize $WIDTHx$WIDTH resizedRibbon.png\n    \n    buildNumber=$(/usr/libexec/PlistBuddy -c \"Print CFBundleVersion\" \"${PROJECT_DIR}/${INFOPLIST_FILE}\")\n    \n    convert ${BASE_IMAGE_PATH} -fill white -font Times-Bold -pointsize ${FONT_SIZE} -gravity south -annotate 0 \"$buildNumber\" - | composite resizedRibbon.png - ${TARGET_PATH}\n}\n\ngenerateIcon \"AppIcon60x60@2x.png\"\ngenerateIcon \"AppIcon60x60@3x.png\"\n\n\n\n";
		};
/* End PBXShellScriptBuildPhase section */

/* Begin PBXSourcesBuildPhase section */
		ECDC97781EAAF2DC007550ED /* Sources */ = {
			isa = PBXSourcesBuildPhase;
			buildActionMask = 2147483647;
			files = (
				ECDC97821EAAF2DC007550ED /* ViewController.swift in Sources */,
				ECDC97801EAAF2DC007550ED /* AppDelegate.swift in Sources */,
			);
			runOnlyForDeploymentPostprocessing = 0;
		};
/* End PBXSourcesBuildPhase section */

/* Begin PBXVariantGroup section */
		ECDC97831EAAF2DC007550ED /* Main.storyboard */ = {
			isa = PBXVariantGroup;
			children = (
				ECDC97841EAAF2DC007550ED /* Base */,
			);
			name = Main.storyboard;
			sourceTree = "<group>";
		};
		ECDC97881EAAF2DC007550ED /* LaunchScreen.storyboard */ = {
			isa = PBXVariantGroup;
			children = (
				ECDC97891EAAF2DC007550ED /* Base */,
			);
			name = LaunchScreen.storyboard;
			sourceTree = "<group>";
		};
/* End PBXVariantGroup section */

/* Begin XCBuildConfiguration section */
		ECDC978C1EAAF2DC007550ED /* Debug */ = {
			isa = XCBuildConfiguration;
			buildSettings = {
				ALWAYS_SEARCH_USER_PATHS = NO;
				CLANG_ANALYZER_NONNULL = YES;
				CLANG_ANALYZER_NUMBER_OBJECT_CONVERSION = YES_AGGRESSIVE;
				CLANG_CXX_LANGUAGE_STANDARD = "gnu++0x";
				CLANG_CXX_LIBRARY = "libc++";
				CLANG_ENABLE_MODULES = YES;
				CLANG_ENABLE_OBJC_ARC = YES;
				CLANG_WARN_BOOL_CONVERSION = YES;
				CLANG_WARN_CONSTANT_CONVERSION = YES;
				CLANG_WARN_DIRECT_OBJC_ISA_USAGE = YES_ERROR;
				CLANG_WARN_DOCUMENTATION_COMMENTS = YES;
				CLANG_WARN_EMPTY_BODY = YES;
				CLANG_WARN_ENUM_CONVERSION = YES;
				CLANG_WARN_INFINITE_RECURSION = YES;
				CLANG_WARN_INT_CONVERSION = YES;
				CLANG_WARN_OBJC_ROOT_CLASS = YES_ERROR;
				CLANG_WARN_SUSPICIOUS_MOVE = YES;
				CLANG_WARN_UNREACHABLE_CODE = YES;
				CLANG_WARN__DUPLICATE_METHOD_MATCH = YES;
				"CODE_SIGN_IDENTITY[sdk=iphoneos*]" = "iPhone Developer";
				COPY_PHASE_STRIP = NO;
				DEBUG_INFORMATION_FORMAT = dwarf;
				ENABLE_STRICT_OBJC_MSGSEND = YES;
				ENABLE_TESTABILITY = YES;
				GCC_C_LANGUAGE_STANDARD = gnu99;
				GCC_DYNAMIC_NO_PIC = NO;
				GCC_NO_COMMON_BLOCKS = YES;
				GCC_OPTIMIZATION_LEVEL = 0;
				GCC_PREPROCESSOR_DEFINITIONS = (
					"DEBUG=1",
					"$(inherited)",
				);
				GCC_WARN_64_TO_32_BIT_CONVERSION = YES;
				GCC_WARN_ABOUT_RETURN_TYPE = YES_ERROR;
				GCC_WARN_UNDECLARED_SELECTOR = YES;
				GCC_WARN_UNINITIALIZED_AUTOS = YES_AGGRESSIVE;
				GCC_WARN_UNUSED_FUNCTION = YES;
				GCC_WARN_UNUSED_VARIABLE = YES;
				IPHONEOS_DEPLOYMENT_TARGET = 10.3;
				MTL_ENABLE_DEBUG_INFO = YES;
				ONLY_ACTIVE_ARCH = YES;
				SDKROOT = iphoneos;
				SWIFT_ACTIVE_COMPILATION_CONDITIONS = DEBUG;
				SWIFT_OPTIMIZATION_LEVEL = "-Onone";
			};
			name = Debug;
		};
		ECDC978D1EAAF2DC007550ED /* Release */ = {
			isa = XCBuildConfiguration;
			buildSettings = {
				ALWAYS_SEARCH_USER_PATHS = NO;
				CLANG_ANALYZER_NONNULL = YES;
				CLANG_ANALYZER_NUMBER_OBJECT_CONVERSION = YES_AGGRESSIVE;
				CLANG_CXX_LANGUAGE_STANDARD = "gnu++0x";
				CLANG_CXX_LIBRARY = "libc++";
				CLANG_ENABLE_MODULES = YES;
				CLANG_ENABLE_OBJC_ARC = YES;
				CLANG_WARN_BOOL_CONVERSION = YES;
				CLANG_WARN_CONSTANT_CONVERSION = YES;
				CLANG_WARN_DIRECT_OBJC_ISA_USAGE = YES_ERROR;
				CLANG_WARN_DOCUMENTATION_COMMENTS = YES;
				CLANG_WARN_EMPTY_BODY = YES;
				CLANG_WARN_ENUM_CONVERSION = YES;
				CLANG_WARN_INFINITE_RECURSION = YES;
				CLANG_WARN_INT_CONVERSION = YES;
				CLANG_WARN_OBJC_ROOT_CLASS = YES_ERROR;
				CLANG_WARN_SUSPICIOUS_MOVE = YES;
				CLANG_WARN_UNREACHABLE_CODE = YES;
				CLANG_WARN__DUPLICATE_METHOD_MATCH = YES;
				"CODE_SIGN_IDENTITY[sdk=iphoneos*]" = "iPhone Developer";
				COPY_PHASE_STRIP = NO;
				DEBUG_INFORMATION_FORMAT = "dwarf-with-dsym";
				ENABLE_NS_ASSERTIONS = NO;
				ENABLE_STRICT_OBJC_MSGSEND = YES;
				GCC_C_LANGUAGE_STANDARD = gnu99;
				GCC_NO_COMMON_BLOCKS = YES;
				GCC_WARN_64_TO_32_BIT_CONVERSION = YES;
				GCC_WARN_ABOUT_RETURN_TYPE = YES_ERROR;
				GCC_WARN_UNDECLARED_SELECTOR = YES;
				GCC_WARN_UNINITIALIZED_AUTOS = YES_AGGRESSIVE;
				GCC_WARN_UNUSED_FUNCTION = YES;
				GCC_WARN_UNUSED_VARIABLE = YES;
				IPHONEOS_DEPLOYMENT_TARGET = 10.3;
				MTL_ENABLE_DEBUG_INFO = NO;
				SDKROOT = iphoneos;
				SWIFT_OPTIMIZATION_LEVEL = "-Owholemodule";
				VALIDATE_PRODUCT = YES;
			};
			name = Release;
		};
		ECDC978F1EAAF2DC007550ED /* Debug */ = {
			isa = XCBuildConfiguration;
			buildSettings = {
				ASSETCATALOG_COMPILER_APPICON_NAME = AppIcon;
				DEVELOPMENT_TEAM = 4BADWEEE97;
				INFOPLIST_FILE = "Llama Trot/Info.plist";
				LD_RUNPATH_SEARCH_PATHS = "$(inherited) @executable_path/Frameworks";
				PRODUCT_BUNDLE_IDENTIFIER = "com.tangyuhua.com.Llama-Trot";
				PRODUCT_NAME = "$(TARGET_NAME)";
				SWIFT_VERSION = 3.0;
				TARGETED_DEVICE_FAMILY = "1,2";
			};
			name = Debug;
		};
		ECDC97901EAAF2DC007550ED /* Release */ = {
			isa = XCBuildConfiguration;
			buildSettings = {
				ASSETCATALOG_COMPILER_APPICON_NAME = AppIcon;
				DEVELOPMENT_TEAM = 4BADWEEE97;
				INFOPLIST_FILE = "Llama Trot/Info.plist";
				LD_RUNPATH_SEARCH_PATHS = "$(inherited) @executable_path/Frameworks";
				PRODUCT_BUNDLE_IDENTIFIER = "com.tangyuhua.com.Llama-Trot";
				PRODUCT_NAME = "$(TARGET_NAME)";
				SWIFT_VERSION = 3.0;
				TARGETED_DEVICE_FAMILY = "1,2";
			};
			name = Release;
		};
/* End XCBuildConfiguration section */

/* Begin XCConfigurationList section */
		ECDC97771EAAF2DC007550ED /* Build configuration list for PBXProject "Llama Trot" */ = {
			isa = XCConfigurationList;
			buildConfigurations = (
				ECDC978C1EAAF2DC007550ED /* Debug */,
				ECDC978D1EAAF2DC007550ED /* Release */,
			);
			defaultConfigurationIsVisible = 0;
			defaultConfigurationName = Release;
		};
		ECDC978E1EAAF2DC007550ED /* Build configuration list for PBXNativeTarget "Llama Trot" */ = {
			isa = XCConfigurationList;
			buildConfigurations = (
				ECDC978F1EAAF2DC007550ED /* Debug */,
				ECDC97901EAAF2DC007550ED /* Release */,
			);
			defaultConfigurationIsVisible = 0;
		};
/* End XCConfigurationList section */
	};
	rootObject = ECDC97741EAAF2DC007550ED /* Project object */;
}
